
Microsoft Visual Studio Solution File, Format Version 12.00
# Visual Studio 14
VisualStudioVersion = 14.0.25420.1
MinimumVisualStudioVersion = 10.0.40219.1
Project("{FAE04EC0-301F-11D3-BF4B-00C04F79EFBC}") = "WebApiStarter.Template", "WebApiStarter.Template\WebApiStarter.Template.csproj", "{24DF2024-41A1-49C9-B2D2-96F0819DF41C}"
EndProject
Project("{FAE04EC0-301F-11D3-BF4B-00C04F79EFBC}") = "WebApiStarter.VsixTemplate", "WebApiStarter.VsixTemplate\WebApiStarter.VsixTemplate.csproj", "{3ED0C07A-1EEB-47BE-83FA-D4B772A40251}"
EndProject
Global
	GlobalSection(SolutionConfigurationPlatforms) = preSolution
		Debug|Any CPU = Debug|Any CPU
		Release|Any CPU = Release|Any CPU
	EndGlobalSection
	GlobalSection(ProjectConfigurationPlatforms) = postSolution
		{24DF2024-41A1-49C9-B2D2-96F0819DF41C}.Debug|Any CPU.ActiveCfg = Debug|Any CPU
		{24DF2024-41A1-49C9-B2D2-96F0819DF41C}.Debug|Any CPU.Build.0 = Debug|Any CPU
		{24DF2024-41A1-49C9-B2D2-96F0819DF41C}.Release|Any CPU.ActiveCfg = Release|Any CPU
		{24DF2024-41A1-49C9-B2D2-96F0819DF41C}.Release|Any CPU.Build.0 = Release|Any CPU
		{3ED0C07A-1EEB-47BE-83FA-D4B772A40251}.Debug|Any CPU.ActiveCfg = Debug|Any CPU
		{3ED0C07A-1EEB-47BE-83FA-D4B772A40251}.Debug|Any CPU.Build.0 = Debug|Any CPU
		{3ED0C07A-1EEB-47BE-83FA-D4B772A40251}.Release|Any CPU.ActiveCfg = Release|Any CPU
		{3ED0C07A-1EEB-47BE-83FA-D4B772A40251}.Release|Any CPU.Build.0 = Release|Any CPU
	EndGlobalSection
	GlobalSection(SolutionProperties) = preSolution
		HideSolutionNode = FALSE
	EndGlobalSection
EndGlobal
